github.com/Pallinder/go-randomdata v1.1.0 h1:gUubB1IEUliFmzjqjhf+bgkg1o6uoFIkRsP3VrhEcx8=
github.com/Pallinder/go-randomdata v1.1.0/go.mod h1:yHmJgulpD2Nfrm0cR9tI/+oAgRqCQQixsA8HyRZfV9Y=
github.com/tvi/datafiller v0.0.0-20170207191639-26c75631fdca h1:pKL7Xjs3N/mbwM5tkKeyrPOkhAdf1TVS6WezlfIaj6U=
github.com/tvi/datafiller v0.0.0-20170207191639-26c75631fdca/go.mod h1:0TsW2YcdzAzALzz2AIVkNbS8fEjoISeFCfx1Y4EKSL0=
